<?xml version="1.0" encoding="UTF-8" standalone="yes" ?>
<CodeBlocks_project_file>
	<FileVersion major="1" minor="6" />
	<Project>
		<Option title="MageEngine" />
		<Option pch_mode="2" />
		<Option compiler="gcc" />
		<Build>
			<Target title="Linux-Dbg">
				<Option platforms="Unix;" />
				<Option output="Build/Linux-Dbg/Engine" prefix_auto="1" extension_auto="1" />
				<Option working_dir="Build/Linux-Dbg/" />
				<Option object_output="Intermediate/Linux-Dbg/" />
				<Option type="1" />
				<Option compiler="gcc" />
				<Option use_console_runner="0" />
				<Compiler>
					<Add option="-g" />
				</Compiler>
				<Linker>
					<Add option="-lGL -lGLU -lIL -lGLEW" />
					<Add library="/usr/lib/x86_64-linux-gnu/libSDL-1.2.so.0.11.4" />
				</Linker>
			</Target>
			<Target title="Linux-Rls">
				<Option platforms="Unix;" />
				<Option output="Build/Linux-Rls/Engine" prefix_auto="1" extension_auto="1" />
				<Option working_dir="Build/Linux-Rls" />
				<Option object_output="Intermediate/Linux-Rls/" />
				<Option type="0" />
				<Option compiler="gcc" />
				<Compiler>
					<Add option="-O2" />
				</Compiler>
				<Linker>
					<Add option="-s" />
					<Add option="-lGL -lGLU -lIL -lGLEW" />
					<Add library="/usr/lib/x86_64-linux-gnu/libSDL-1.2.so.0.11.4" />
				</Linker>
			</Target>
			<Target title="Windows-Dbg">
				<Option platforms="Windows;" />
				<Option output="Build/Windows-Dbg/Engine" prefix_auto="1" extension_auto="1" />
				<Option working_dir="Build/Windows-Dbg" />
				<Option object_output="Intermediate/Windows-Dbg" />
				<Option type="0" />
				<Option compiler="gcc" />
				<Compiler>
					<Add directory="C:/glew-1.9.0/include" />
					<Add directory="C:/SDL/SDL-1.2.15/include" />
					<Add directory="C:/DevIL/include/IL" />
				</Compiler>
				<Linker>
					<Add option="-lopengl32 -lDevIL -lSDL -lglu32" />
					<Add option="-static-libgcc -static-libstdc++" />
					<Add library="C:/glew-1.9.0/lib/MinGW/libglew32.dll.a" />
					<Add directory="C:/DevIL/lib" />
					<Add directory="C:/SDL/SDL-1.2.15/lib/x86" />
				</Linker>
			</Target>
			<Target title="Windows-Rls">
				<Option platforms="Windows;" />
				<Option output="Build/Windows-Rls/Engine" prefix_auto="1" extension_auto="1" />
				<Option working_dir="Build/Windows-Rls" />
				<Option object_output="Intermediate/Windows-Rls" />
				<Option type="0" />
				<Option compiler="gcc" />
				<Compiler>
					<Add directory="C:/glew-1.9.0/include" />
					<Add directory="C:/SDL/SDL-1.2.15/include" />
					<Add directory="C:/DevIL/include/IL" />
				</Compiler>
				<Linker>
					<Add option="-lopengl32 -lDevIL -lSDL -lglu32" />
					<Add option="-static-libgcc -static-libstdc++" />
					<Add library="C:/glew-1.9.0/lib/MinGW/libglew32.dll.a" />
					<Add directory="C:/DevIL/lib" />
					<Add directory="C:/SDL/SDL-1.2.15/lib/x86" />
				</Linker>
			</Target>
		</Build>
		<Compiler>
			<Add option="`sdl-config --cflags`" />
			<Add option="-Wall" />
		</Compiler>
		<Linker>
			<Add option="`sdl-config --libs`" />
		</Linker>
		<Unit filename="include/Content.h" />
		<Unit filename="include/Entity.h" />
		<Unit filename="include/InputState.h" />
		<Unit filename="include/Log.h" />
		<Unit filename="include/MageGame.h" />
		<Unit filename="include/Texture2D.h" />
		<Unit filename="include/Window.h" />
		<Unit filename="include/globals.h" />
		<Unit filename="include/image.h" />
		<Unit filename="src/Content.cpp" />
		<Unit filename="src/Entity.cpp" />
		<Unit filename="src/InputState.cpp" />
		<Unit filename="src/Log.cpp" />
		<Unit filename="src/MageGame.cpp" />
		<Unit filename="src/Texture2D.cpp" />
		<Unit filename="src/Window.cpp" />
		<Unit filename="src/globals.cpp" />
		<Unit filename="src/image.cpp" />
		<Unit filename="src/main.cpp" />
		<Extensions>
			<code_completion />
			<debugger />
			<envvars />
		</Extensions>
	</Project>
</CodeBlocks_project_file>
